// !$*UTF8*$!
{
	archiveVersion = 1;
	classes = {
	};
	objectVersion = 50;
	objects = {

/* Begin PBXBuildFile section */
		C97B262F2DB8F5C000E4332B /* AppDelegate.swift in Sources */ = {isa = PBXBuildFile; fileRef = C97B262E2DB8F5C000E4332B /* AppDelegate.swift */; };
		C97B26312DB8F5C000E4332B /* SceneDelegate.swift in Sources */ = {isa = PBXBuildFile; fileRef = C97B26302DB8F5C000E4332B /* SceneDelegate.swift */; };
		C97B26332DB8F5C000E4332B /* ContentView.swift in Sources */ = {isa = PBXBuildFile; fileRef = C97B26322DB8F5C000E4332B /* ContentView.swift */; };
		C97B26352DB8F5C100E4332B /* Assets.xcassets in Resources */ = {isa = PBXBuildFile; fileRef = C97B26342DB8F5C100E4332B /* Assets.xcassets */; };
		C97B26382DB8F5C100E4332B /* Preview Assets.xcassets in Resources */ = {isa = PBXBuildFile; fileRef = C97B26372DB8F5C100E4332B /* Preview Assets.xcassets */; };
		C97B263B2DB8F5C100E4332B /* LaunchScreen.storyboard in Resources */ = {isa = PBXBuildFile; fileRef = C97B26392DB8F5C100E4332B /* LaunchScreen.storyboard */; };
/* End PBXBuildFile section */

/* Begin PBXFileReference section */
		C97B262B2DB8F5C000E4332B /* Udder_M18_R1.app */ = {isa = PBXFileReference; explicitFileType = wrapper.application; includeInIndex = 0; path = Udder_M18_R1.app; sourceTree = BUILT_PRODUCTS_DIR; };
		C97B262E2DB8F5C000E4332B /* AppDelegate.swift */ = {isa = PBXFileReference; lastKnownFileType = sourcecode.swift; path = AppDelegate.swift; sourceTree = "<group>"; };
		C97B26302DB8F5C000E4332B /* SceneDelegate.swift */ = {isa = PBXFileReference; lastKnownFileType = sourcecode.swift; path = SceneDelegate.swift; sourceTree = "<group>"; };
		C97B26322DB8F5C000E4332B /* ContentView.swift */ = {isa = PBXFileReference; lastKnownFileType = sourcecode.swift; path = ContentView.swift; sourceTree = "<group>"; };
		C97B26342DB8F5C100E4332B /* Assets.xcassets */ = {isa = PBXFileReference; lastKnownFileType = folder.assetcatalog; path = Assets.xcassets; sourceTree = "<group>"; };
		C97B26372DB8F5C100E4332B /* Preview Assets.xcassets */ = {isa = PBXFileReference; lastKnownFileType = folder.assetcatalog; path = "Preview Assets.xcassets"; sourceTree = "<group>"; };
		C97B263A2DB8F5C100E4332B /* Base */ = {isa = PBXFileReference; lastKnownFileType = file.storyboard; name = Base; path = Base.lproj/LaunchScreen.storyboard; sourceTree = "<group>"; };
		C97B263C2DB8F5C100E4332B /* Info.plist */ = {isa = PBXFileReference; lastKnownFileType = text.plist.xml; path = Info.plist; sourceTree = "<group>"; };
/* End PBXFileReference section */

/* Begin PBXFrameworksBuildPhase section */
		C97B26282DB8F5C000E4332B /* Frameworks */ = {
			isa = PBXFrameworksBuildPhase;
			buildActionMask = 2147483647;
			files = (
			);
			runOnlyForDeploymentPostprocessing = 0;
		};
/* End PBXFrameworksBuildPhase section */

/* Begin PBXGroup section */
		C97B26222DB8F5C000E4332B = {
			isa = PBXGroup;
			children = (
				C97B262D2DB8F5C000E4332B /* Udder_M18_R1 */,
				C97B262C2DB8F5C000E4332B /* Products */,
			);
			sourceTree = "<group>";
		};
		C97B262C2DB8F5C000E4332B /* Products */ = {
			isa = PBXGroup;
			children = (
				C97B262B2DB8F5C000E4332B /* Udder_M18_R1.app */,
			);
			name = Products;
			sourceTree = "<group>";
		};
		C97B262D2DB8F5C000E4332B /* Udder_M18_R1 */ = {
			isa = PBXGroup;
			children = (
				C97B262E2DB8F5C000E4332B /* AppDelegate.swift */,
				C97B26302DB8F5C000E4332B /* SceneDelegate.swift */,
				C97B26322DB8F5C000E4332B /* ContentView.swift */,
				C97B26342DB8F5C100E4332B /* Assets.xcassets */,
				C97B26392DB8F5C100E4332B /* LaunchScreen.storyboard */,
				C97B263C2DB8F5C100E4332B /* Info.plist */,
				C97B26362DB8F5C100E4332B /* Preview Content */,
			);
			path = Udder_M18_R1;
			sourceTree = "<group>";
		};
		C97B26362DB8F5C100E4332B /* Preview Content */ = {
			isa = PBXGroup;
			children = (
				C97B26372DB8F5C100E4332B /* Preview Assets.xcassets */,
			);
			path = "Preview Content";
			sourceTree = "<group>";
		};
/* End PBXGroup section */

/* Begin PBXNativeTarget section */
		C97B262A2DB8F5C000E4332B /* Udder_M18_R1 */ = {
			isa = PBXNativeTarget;
			buildConfigurationList = C97B263F2DB8F5C100E4332B /* Build configuration list for PBXNativeTarget "Udder_M18_R1" */;
			buildPhases = (
				C97B26272DB8F5C000E4332B /* Sources */,
				C97B26282DB8F5C000E4332B /* Frameworks */,
				C97B26292DB8F5C000E4332B /* Resources */,
			);
			buildRules = (
			);
			dependencies = (
			);
			name = Udder_M18_R1;
			productName = Udder_M18_R1;
			productReference = C97B262B2DB8F5C000E4332B /* Udder_M18_R1.app */;
			productType = "com.apple.product-type.application";
		};
/* End PBXNativeTarget section */

/* Begin PBXProject section */
		C97B26232DB8F5C000E4332B /* Project object */ = {
			isa = PBXProject;
			attributes = {
				LastSwiftUpdateCheck = 1240;
				LastUpgradeCheck = 1240;
				TargetAttributes = {
					C97B262A2DB8F5C000E4332B = {
						CreatedOnToolsVersion = 12.4;
					};
				};
			};
			buildConfigurationList = C97B26262DB8F5C000E4332B /* Build configuration list for PBXProject "Udder_M18_R1" */;
			compatibilityVersion = "Xcode 9.3";
			developmentRegion = en;
			hasScannedForEncodings = 0;
			knownRegions = (
				en,
				Base,
			);
			mainGroup = C97B26222DB8F5C000E4332B;
			productRefGroup = C97B262C2DB8F5C000E4332B /* Products */;
			projectDirPath = "";
			projectRoot = "";
			targets = (
				C97B262A2DB8F5C000E4332B /* Udder_M18_R1 */,
			);
		};
/* End PBXProject section */

/* Begin PBXResourcesBuildPhase section */
		C97B26292DB8F5C000E4332B /* Resources */ = {
			isa = PBXResourcesBuildPhase;
			buildActionMask = 2147483647;
			files = (
				C97B263B2DB8F5C100E4332B /* LaunchScreen.storyboard in Resources */,
				C97B26382DB8F5C100E4332B /* Preview Assets.xcassets in Resources */,
				C97B26352DB8F5C100E4332B /* Assets.xcassets in Resources */,
			);
			runOnlyForDeploymentPostprocessing = 0;
		};
/* End PBXResourcesBuildPhase section */

/* Begin PBXSourcesBuildPhase section */
		C97B26272DB8F5C000E4332B /* Sources */ = {
			isa = PBXSourcesBuildPhase;
			buildActionMask = 2147483647;
			files = (
				C97B262F2DB8F5C000E4332B /* AppDelegate.swift in Sources */,
				C97B26312DB8F5C000E4332B /* SceneDelegate.swift in Sources */,
				C97B26332DB8F5C000E4332B /* ContentView.swift in Sources */,
			);
			runOnlyForDeploymentPostprocessing = 0;
		};
/* End PBXSourcesBuildPhase section */

/* Begin PBXVariantGroup section */
		C97B26392DB8F5C100E4332B /* LaunchScreen.storyboard */ = {
			isa = PBXVariantGroup;
			children = (
				C97B263A2DB8F5C100E4332B /* Base */,
			);
			name = LaunchScreen.storyboard;
			sourceTree = "<group>";
		};
/* End PBXVariantGroup section */

/* Begin XCBuildConfiguration section */
		C97B263D2DB8F5C100E4332B /* Debug */ = {
			isa = XCBuildConfiguration;
			buildSettings = {
				ALWAYS_SEARCH_USER_PATHS = NO;
				CLANG_ANALYZER_NONNULL = YES;
				CLANG_ANALYZER_NUMBER_OBJECT_CONVERSION = YES_AGGRESSIVE;
				CLANG_CXX_LANGUAGE_STANDARD = "gnu++14";
				CLANG_CXX_LIBRARY = "libc++";
				CLANG_ENABLE_MODULES = YES;
				CLANG_ENABLE_OBJC_ARC = YES;
				CLANG_ENABLE_OBJC_WEAK = YES;
				CLANG_WARN_BLOCK_CAPTURE_AUTORELEASING = YES;
				CLANG_WARN_BOOL_CONVERSION = YES;
				CLANG_WARN_COMMA = YES;
				CLANG_WARN_CONSTANT_CONVERSION = YES;
				CLANG_WARN_DEPRECATED_OBJC_IMPLEMENTATIONS = YES;
				CLANG_WARN_DIRECT_OBJC_ISA_USAGE = YES_ERROR;
				CLANG_WARN_DOCUMENTATION_COMMENTS = YES;
				CLANG_WARN_EMPTY_BODY = YES;
				CLANG_WARN_ENUM_CONVERSION = YES;
				CLANG_WARN_INFINITE_RECURSION = YES;
				CLANG_WARN_INT_CONVERSION = YES;
				CLANG_WARN_NON_LITERAL_NULL_CONVERSION = YES;
				CLANG_WARN_OBJC_IMPLICIT_RETAIN_SELF = YES;
				CLANG_WARN_OBJC_LITERAL_CONVERSION = YES;
				CLANG_WARN_OBJC_ROOT_CLASS = YES_ERROR;
				CLANG_WARN_QUOTED_INCLUDE_IN_FRAMEWORK_HEADER = YES;
				CLANG_WARN_RANGE_LOOP_ANALYSIS = YES;
				CLANG_WARN_STRICT_PROTOTYPES = YES;
				CLANG_WARN_SUSPICIOUS_MOVE = YES;
				CLANG_WARN_UNGUARDED_AVAILABILITY = YES_AGGRESSIVE;
				CLANG_WARN_UNREACHABLE_CODE = YES;
				CLANG_WARN__DUPLICATE_METHOD_MATCH = YES;
				COPY_PHASE_STRIP = NO;
				DEBUG_INFORMATION_FORMAT = dwarf;
				ENABLE_STRICT_OBJC_MSGSEND = YES;
				ENABLE_TESTABILITY = YES;
				GCC_C_LANGUAGE_STANDARD = gnu11;
				GCC_DYNAMIC_NO_PIC = NO;
				GCC_NO_COMMON_BLOCKS = YES;
				GCC_OPTIMIZATION_LEVEL = 0;
				GCC_PREPROCESSOR_DEFINITIONS = (
					"DEBUG=1",
					"$(inherited)",
				);
				GCC_WARN_64_TO_32_BIT_CONVERSION = YES;
				GCC_WARN_ABOUT_RETURN_TYPE = YES_ERROR;
				GCC_WARN_UNDECLARED_SELECTOR = YES;
				GCC_WARN_UNINITIALIZED_AUTOS = YES_AGGRESSIVE;
				GCC_WARN_UNUSED_FUNCTION = YES;
				GCC_WARN_UNUSED_VARIABLE = YES;
				IPHONEOS_DEPLOYMENT_TARGET = 14.4;
				MTL_ENABLE_DEBUG_INFO = INCLUDE_SOURCE;
				MTL_FAST_MATH = YES;
				ONLY_ACTIVE_ARCH = YES;
				SDKROOT = iphoneos;
				SWIFT_ACTIVE_COMPILATION_CONDITIONS = DEBUG;
				SWIFT_OPTIMIZATION_LEVEL = "-Onone";
			};
			name = Debug;
		};
		C97B263E2DB8F5C100E4332B /* Release */ = {
			isa = XCBuildConfiguration;
			buildSettings = {
				ALWAYS_SEARCH_USER_PATHS = NO;
				CLANG_ANALYZER_NONNULL = YES;
				CLANG_ANALYZER_NUMBER_OBJECT_CONVERSION = YES_AGGRESSIVE;
				CLANG_CXX_LANGUAGE_STANDARD = "gnu++14";
				CLANG_CXX_LIBRARY = "libc++";
				CLANG_ENABLE_MODULES = YES;
				CLANG_ENABLE_OBJC_ARC = YES;
				CLANG_ENABLE_OBJC_WEAK = YES;
				CLANG_WARN_BLOCK_CAPTURE_AUTORELEASING = YES;
				CLANG_WARN_BOOL_CONVERSION = YES;
				CLANG_WARN_COMMA = YES;
				CLANG_WARN_CONSTANT_CONVERSION = YES;
				CLANG_WARN_DEPRECATED_OBJC_IMPLEMENTATIONS = YES;
				CLANG_WARN_DIRECT_OBJC_ISA_USAGE = YES_ERROR;
				CLANG_WARN_DOCUMENTATION_COMMENTS = YES;
				CLANG_WARN_EMPTY_BODY = YES;
				CLANG_WARN_ENUM_CONVERSION = YES;
				CLANG_WARN_INFINITE_RECURSION = YES;
				CLANG_WARN_INT_CONVERSION = YES;
				CLANG_WARN_NON_LITERAL_NULL_CONVERSION = YES;
				CLANG_WARN_OBJC_IMPLICIT_RETAIN_SELF = YES;
				CLANG_WARN_OBJC_LITERAL_CONVERSION = YES;
				CLANG_WARN_OBJC_ROOT_CLASS = YES_ERROR;
				CLANG_WARN_QUOTED_INCLUDE_IN_FRAMEWORK_HEADER = YES;
				CLANG_WARN_RANGE_LOOP_ANALYSIS = YES;
				CLANG_WARN_STRICT_PROTOTYPES = YES;
				CLANG_WARN_SUSPICIOUS_MOVE = YES;
				CLANG_WARN_UNGUARDED_AVAILABILITY = YES_AGGRESSIVE;
				CLANG_WARN_UNREACHABLE_CODE = YES;
				CLANG_WARN__DUPLICATE_METHOD_MATCH = YES;
				COPY_PHASE_STRIP = NO;
				DEBUG_INFORMATION_FORMAT = "dwarf-with-dsym";
				ENABLE_NS_ASSERTIONS = NO;
				ENABLE_STRICT_OBJC_MSGSEND = YES;
				GCC_C_LANGUAGE_STANDARD = gnu11;
				GCC_NO_COMMON_BLOCKS = YES;
				GCC_WARN_64_TO_32_BIT_CONVERSION = YES;
				GCC_WARN_ABOUT_RETURN_TYPE = YES_ERROR;
				GCC_WARN_UNDECLARED_SELECTOR = YES;
				GCC_WARN_UNINITIALIZED_AUTOS = YES_AGGRESSIVE;
				GCC_WARN_UNUSED_FUNCTION = YES;
				GCC_WARN_UNUSED_VARIABLE = YES;
				IPHONEOS_DEPLOYMENT_TARGET = 14.4;
				MTL_ENABLE_DEBUG_INFO = NO;
				MTL_FAST_MATH = YES;
				SDKROOT = iphoneos;
				SWIFT_COMPILATION_MODE = wholemodule;
				SWIFT_OPTIMIZATION_LEVEL = "-O";
				VALIDATE_PRODUCT = YES;
			};
			name = Release;
		};
		C97B26402DB8F5C100E4332B /* Debug */ = {
			isa = XCBuildConfiguration;
			buildSettings = {
				ASSETCATALOG_COMPILER_APPICON_NAME = AppIcon;
				ASSETCATALOG_COMPILER_GLOBAL_ACCENT_COLOR_NAME = AccentColor;
				CODE_SIGN_STYLE = Automatic;
				DEVELOPMENT_ASSET_PATHS = "\"Udder_M18_R1/Preview Content\"";
				DEVELOPMENT_TEAM = 96KVF9BP26;
				ENABLE_PREVIEWS = YES;
				INFOPLIST_FILE = Udder_M18_R1/Info.plist;
				LD_RUNPATH_SEARCH_PATHS = (
					"$(inherited)",
					"@executable_path/Frameworks",
				);
				PRODUCT_BUNDLE_IDENTIFIER = "magdiFit.Udder-M18-R1";
				PRODUCT_NAME = "$(TARGET_NAME)";
				SWIFT_VERSION = 5.0;
				TARGETED_DEVICE_FAMILY = "1,2";
			};
			name = Debug;
		};
		C97B26412DB8F5C100E4332B /* Release */ = {
			isa = XCBuildConfiguration;
			buildSettings = {
				ASSETCATALOG_COMPILER_APPICON_NAME = AppIcon;
				ASSETCATALOG_COMPILER_GLOBAL_ACCENT_COLOR_NAME = AccentColor;
				CODE_SIGN_STYLE = Automatic;
				DEVELOPMENT_ASSET_PATHS = "\"Udder_M18_R1/Preview Content\"";
				DEVELOPMENT_TEAM = 96KVF9BP26;
				ENABLE_PREVIEWS = YES;
				INFOPLIST_FILE = Udder_M18_R1/Info.plist;
				LD_RUNPATH_SEARCH_PATHS = (
					"$(inherited)",
					"@executable_path/Frameworks",
				);
				PRODUCT_BUNDLE_IDENTIFIER = "magdiFit.Udder-M18-R1";
				PRODUCT_NAME = "$(TARGET_NAME)";
				SWIFT_VERSION = 5.0;
				TARGETED_DEVICE_FAMILY = "1,2";
			};
			name = Release;
		};
/* End XCBuildConfiguration section */

/* Begin XCConfigurationList section */
		C97B26262DB8F5C000E4332B /* Build configuration list for PBXProject "Udder_M18_R1" */ = {
			isa = XCConfigurationList;
			buildConfigurations = (
				C97B263D2DB8F5C100E4332B /* Debug */,
				C97B263E2DB8F5C100E4332B /* Release */,
			);
			defaultConfigurationIsVisible = 0;
			defaultConfigurationName = Release;
		};
		C97B263F2DB8F5C100E4332B /* Build configuration list for PBXNativeTarget "Udder_M18_R1" */ = {
			isa = XCConfigurationList;
			buildConfigurations = (
				C97B26402DB8F5C100E4332B /* Debug */,
				C97B26412DB8F5C100E4332B /* Release */,
			);
			defaultConfigurationIsVisible = 0;
			defaultConfigurationName = Release;
		};
/* End XCConfigurationList section */
	};
	rootObject = C97B26232DB8F5C000E4332B /* Project object */;
}
